{
  "name": "klipper-pebble",
  "version": "0.1.0",
  "lockfileVersion": 3,
  "requires": true,
  "packages": {
    "": {
      "name": "klipper-pebble",
      "version": "0.1.0",
      "dependencies": {
        "@rebble/clay": "^1.0.10",
        "jpeg-js": "^0.1.2"
      }
    },
    "node_modules/@rebble/clay": {
      "version": "1.0.10",
      "resolved": "https://registry.npmjs.org/@rebble/clay/-/clay-1.0.10.tgz",
      "integrity": "sha512-84EL9J6egrnWk/FzqCxRa9/vqO4fx7SBxdttthLEpBro+FVqUg+rMlqOzT8+zl4PkBQKAWdnqHwlHaS4heiXKg==",
      "license": "MIT"
    },
    "node_modules/jpeg-js": {
      "version": "0.1.2",
      "resolved": "https://registry.npmjs.org/jpeg-js/-/jpeg-js-0.1.2.tgz",
      "integrity": "sha512-CiRVjMKBUp6VYtGwzRjrdnro41yMwKGOWdP9ATXqmixdz2n7KHNwdqthTYSSbOKj/Ha79Gct1sA8ZQpse55TYA==",
      "license": "BSD-3-Clause"
    }
  }
}
